{
  "pins" : [
    {
      "identity" : "bulletinboard",
      "kind" : "remoteSourceControl",
      "location" : "https://github.com/alexaubry/BulletinBoard.git",
      "state" : {
        "revision" : "e8ba81d25e41e5d24d6a4f404ed28443d728723b",
        "version" : "5.0.0"
      }
    },
    {
      "identity" : "keychain-swift",
      "kind" : "remoteSourceControl",
      "location" : "https://github.com/evgenyneu/keychain-swift.git",
      "state" : {
        "branch" : "master",
        "revision" : "32a99b537d1c6f3529a08257c28a5feb70c0c5af"
      }
    }
  ],
  "version" : 2
}
